// !$*UTF8*$!
{
	archiveVersion = 1;
	classes = {
	};
	objectVersion = 46;
	objects = {

/* Begin PBXBuildFile section */
		4404F54B9E3743CADC308243 /* Pods_ObservablesApiExampleTests.framework in Frameworks */ = {isa = PBXBuildFile; fileRef = CF097C8317CC7879340F39D3 /* Pods_ObservablesApiExampleTests.framework */; };
		5D7805014A88830CC600CFC6 /* Pods_ObservablesApiExample.framework in Frameworks */ = {isa = PBXBuildFile; fileRef = E005178FAB39C980296138F8 /* Pods_ObservablesApiExample.framework */; };
		B649892D1F768FC800B149A6 /* ApiRequest.swift in Sources */ = {isa = PBXBuildFile; fileRef = B649892C1F768FC800B149A6 /* ApiRequest.swift */; };
		B64989301F76909D00B149A6 /* ApiResponse.swift in Sources */ = {isa = PBXBuildFile; fileRef = B649892F1F76909D00B149A6 /* ApiResponse.swift */; };
		B64989321F7690DE00B149A6 /* HttpStatusCode.swift in Sources */ = {isa = PBXBuildFile; fileRef = B64989311F7690DE00B149A6 /* HttpStatusCode.swift */; };
		B64989341F76913D00B149A6 /* UsersRequest.swift in Sources */ = {isa = PBXBuildFile; fileRef = B64989331F76913D00B149A6 /* UsersRequest.swift */; };
		B64989371F7691B100B149A6 /* BaseResource.swift in Sources */ = {isa = PBXBuildFile; fileRef = B64989361F7691B100B149A6 /* BaseResource.swift */; };
		B64989391F76920800B149A6 /* ClassError.swift in Sources */ = {isa = PBXBuildFile; fileRef = B64989381F76920800B149A6 /* ClassError.swift */; };
		B649893B1F76921D00B149A6 /* ApiError.swift in Sources */ = {isa = PBXBuildFile; fileRef = B649893A1F76921D00B149A6 /* ApiError.swift */; };
		B64989411F76961500B149A6 /* UsersResponse.swift in Sources */ = {isa = PBXBuildFile; fileRef = B64989401F76961500B149A6 /* UsersResponse.swift */; };
		B64989431F76966600B149A6 /* UsersResource.swift in Sources */ = {isa = PBXBuildFile; fileRef = B64989421F76966600B149A6 /* UsersResource.swift */; };
		B66AB6CE1F76846300B26C10 /* AppDelegate.swift in Sources */ = {isa = PBXBuildFile; fileRef = B66AB6CD1F76846300B26C10 /* AppDelegate.swift */; };
		B66AB6D01F76846300B26C10 /* ViewController.swift in Sources */ = {isa = PBXBuildFile; fileRef = B66AB6CF1F76846300B26C10 /* ViewController.swift */; };
		B66AB6D31F76846300B26C10 /* Main.storyboard in Resources */ = {isa = PBXBuildFile; fileRef = B66AB6D11F76846300B26C10 /* Main.storyboard */; };
		B66AB6D51F76846300B26C10 /* Assets.xcassets in Resources */ = {isa = PBXBuildFile; fileRef = B66AB6D41F76846300B26C10 /* Assets.xcassets */; };
		B66AB6D81F76846300B26C10 /* LaunchScreen.storyboard in Resources */ = {isa = PBXBuildFile; fileRef = B66AB6D61F76846300B26C10 /* LaunchScreen.storyboard */; };
		B66AB6E31F76846300B26C10 /* ObservablesApiExampleTests.swift in Sources */ = {isa = PBXBuildFile; fileRef = B66AB6E21F76846300B26C10 /* ObservablesApiExampleTests.swift */; };
		B66AB6EE1F76846300B26C10 /* ObservablesApiExampleUITests.swift in Sources */ = {isa = PBXBuildFile; fileRef = B66AB6ED1F76846300B26C10 /* ObservablesApiExampleUITests.swift */; };
		B687F2781F76989A00349D2D /* HttpClient.swift in Sources */ = {isa = PBXBuildFile; fileRef = B687F2771F76989A00349D2D /* HttpClient.swift */; };
		B687F27A1F7698CD00349D2D /* ApiClient.swift in Sources */ = {isa = PBXBuildFile; fileRef = B687F2791F7698CD00349D2D /* ApiClient.swift */; };
		B687F27C1F769D2A00349D2D /* UserRemoteDao.swift in Sources */ = {isa = PBXBuildFile; fileRef = B687F27B1F769D2A00349D2D /* UserRemoteDao.swift */; };
		B687F27E1F769E2800349D2D /* HttpResponse.swift in Sources */ = {isa = PBXBuildFile; fileRef = B687F27D1F769E2800349D2D /* HttpResponse.swift */; };
		B687F2801F76B20400349D2D /* UserService.swift in Sources */ = {isa = PBXBuildFile; fileRef = B687F27F1F76B20400349D2D /* UserService.swift */; };
		CA469B4B3F444AE31F751CE9 /* Pods_ObservablesApiExampleUITests.framework in Frameworks */ = {isa = PBXBuildFile; fileRef = 5D0569E2878A6592D216B3F4 /* Pods_ObservablesApiExampleUITests.framework */; };
/* End PBXBuildFile section */

/* Begin PBXContainerItemProxy section */
		B66AB6DF1F76846300B26C10 /* PBXContainerItemProxy */ = {
			isa = PBXContainerItemProxy;
			containerPortal = B66AB6C21F76846300B26C10 /* Project object */;
			proxyType = 1;
			remoteGlobalIDString = B66AB6C91F76846300B26C10;
			remoteInfo = ObservablesApiExample;
		};
		B66AB6EA1F76846300B26C10 /* PBXContainerItemProxy */ = {
			isa = PBXContainerItemProxy;
			containerPortal = B66AB6C21F76846300B26C10 /* Project object */;
			proxyType = 1;
			remoteGlobalIDString = B66AB6C91F76846300B26C10;
			remoteInfo = ObservablesApiExample;
		};
/* End PBXContainerItemProxy section */

/* Begin PBXFileReference section */
		4E7CF33908C356EB26537210 /* Pods-ObservablesApiExampleTests.debug.xcconfig */ = {isa = PBXFileReference; includeInIndex = 1; lastKnownFileType = text.xcconfig; name = "Pods-ObservablesApiExampleTests.debug.xcconfig"; path = "Pods/Target Support Files/Pods-ObservablesApiExampleTests/Pods-ObservablesApiExampleTests.debug.xcconfig"; sourceTree = "<group>"; };
		5D0569E2878A6592D216B3F4 /* Pods_ObservablesApiExampleUITests.framework */ = {isa = PBXFileReference; explicitFileType = wrapper.framework; includeInIndex = 0; path = Pods_ObservablesApiExampleUITests.framework; sourceTree = BUILT_PRODUCTS_DIR; };
		98417758C73CD3814E601F16 /* Pods-ObservablesApiExampleTests.release.xcconfig */ = {isa = PBXFileReference; includeInIndex = 1; lastKnownFileType = text.xcconfig; name = "Pods-ObservablesApiExampleTests.release.xcconfig"; path = "Pods/Target Support Files/Pods-ObservablesApiExampleTests/Pods-ObservablesApiExampleTests.release.xcconfig"; sourceTree = "<group>"; };
		B649892C1F768FC800B149A6 /* ApiRequest.swift */ = {isa = PBXFileReference; lastKnownFileType = sourcecode.swift; path = ApiRequest.swift; sourceTree = "<group>"; };
		B649892F1F76909D00B149A6 /* ApiResponse.swift */ = {isa = PBXFileReference; lastKnownFileType = sourcecode.swift; path = ApiResponse.swift; sourceTree = "<group>"; };
		B64989311F7690DE00B149A6 /* HttpStatusCode.swift */ = {isa = PBXFileReference; lastKnownFileType = sourcecode.swift; path = HttpStatusCode.swift; sourceTree = "<group>"; };
		B64989331F76913D00B149A6 /* UsersRequest.swift */ = {isa = PBXFileReference; lastKnownFileType = sourcecode.swift; path = UsersRequest.swift; sourceTree = "<group>"; };
		B64989361F7691B100B149A6 /* BaseResource.swift */ = {isa = PBXFileReference; lastKnownFileType = sourcecode.swift; path = BaseResource.swift; sourceTree = "<group>"; };
		B64989381F76920800B149A6 /* ClassError.swift */ = {isa = PBXFileReference; lastKnownFileType = sourcecode.swift; path = ClassError.swift; sourceTree = "<group>"; };
		B649893A1F76921D00B149A6 /* ApiError.swift */ = {isa = PBXFileReference; lastKnownFileType = sourcecode.swift; path = ApiError.swift; sourceTree = "<group>"; };
		B64989401F76961500B149A6 /* UsersResponse.swift */ = {isa = PBXFileReference; lastKnownFileType = sourcecode.swift; path = UsersResponse.swift; sourceTree = "<group>"; };
		B64989421F76966600B149A6 /* UsersResource.swift */ = {isa = PBXFileReference; lastKnownFileType = sourcecode.swift; path = UsersResource.swift; sourceTree = "<group>"; };
		B66AB6CA1F76846300B26C10 /* ObservablesApiExample.app */ = {isa = PBXFileReference; explicitFileType = wrapper.application; includeInIndex = 0; path = ObservablesApiExample.app; sourceTree = BUILT_PRODUCTS_DIR; };
		B66AB6CD1F76846300B26C10 /* AppDelegate.swift */ = {isa = PBXFileReference; lastKnownFileType = sourcecode.swift; path = AppDelegate.swift; sourceTree = "<group>"; };
		B66AB6CF1F76846300B26C10 /* ViewController.swift */ = {isa = PBXFileReference; lastKnownFileType = sourcecode.swift; path = ViewController.swift; sourceTree = "<group>"; };
		B66AB6D21F76846300B26C10 /* Base */ = {isa = PBXFileReference; lastKnownFileType = file.storyboard; name = Base; path = Base.lproj/Main.storyboard; sourceTree = "<group>"; };
		B66AB6D41F76846300B26C10 /* Assets.xcassets */ = {isa = PBXFileReference; lastKnownFileType = folder.assetcatalog; path = Assets.xcassets; sourceTree = "<group>"; };
		B66AB6D71F76846300B26C10 /* Base */ = {isa = PBXFileReference; lastKnownFileType = file.storyboard; name = Base; path = Base.lproj/LaunchScreen.storyboard; sourceTree = "<group>"; };
		B66AB6D91F76846300B26C10 /* Info.plist */ = {isa = PBXFileReference; lastKnownFileType = text.plist.xml; path = Info.plist; sourceTree = "<group>"; };
		B66AB6DE1F76846300B26C10 /* ObservablesApiExampleTests.xctest */ = {isa = PBXFileReference; explicitFileType = wrapper.cfbundle; includeInIndex = 0; path = ObservablesApiExampleTests.xctest; sourceTree = BUILT_PRODUCTS_DIR; };
		B66AB6E21F76846300B26C10 /* ObservablesApiExampleTests.swift */ = {isa = PBXFileReference; lastKnownFileType = sourcecode.swift; path = ObservablesApiExampleTests.swift; sourceTree = "<group>"; };
		B66AB6E41F76846300B26C10 /* Info.plist */ = {isa = PBXFileReference; lastKnownFileType = text.plist.xml; path = Info.plist; sourceTree = "<group>"; };
		B66AB6E91F76846300B26C10 /* ObservablesApiExampleUITests.xctest */ = {isa = PBXFileReference; explicitFileType = wrapper.cfbundle; includeInIndex = 0; path = ObservablesApiExampleUITests.xctest; sourceTree = BUILT_PRODUCTS_DIR; };
		B66AB6ED1F76846300B26C10 /* ObservablesApiExampleUITests.swift */ = {isa = PBXFileReference; lastKnownFileType = sourcecode.swift; path = ObservablesApiExampleUITests.swift; sourceTree = "<group>"; };
		B66AB6EF1F76846300B26C10 /* Info.plist */ = {isa = PBXFileReference; lastKnownFileType = text.plist.xml; path = Info.plist; sourceTree = "<group>"; };
		B687F2771F76989A00349D2D /* HttpClient.swift */ = {isa = PBXFileReference; lastKnownFileType = sourcecode.swift; path = HttpClient.swift; sourceTree = "<group>"; };
		B687F2791F7698CD00349D2D /* ApiClient.swift */ = {isa = PBXFileReference; lastKnownFileType = sourcecode.swift; path = ApiClient.swift; sourceTree = "<group>"; };
		B687F27B1F769D2A00349D2D /* UserRemoteDao.swift */ = {isa = PBXFileReference; lastKnownFileType = sourcecode.swift; path = UserRemoteDao.swift; sourceTree = "<group>"; };
		B687F27D1F769E2800349D2D /* HttpResponse.swift */ = {isa = PBXFileReference; lastKnownFileType = sourcecode.swift; path = HttpResponse.swift; sourceTree = "<group>"; };
		B687F27F1F76B20400349D2D /* UserService.swift */ = {isa = PBXFileReference; lastKnownFileType = sourcecode.swift; path = UserService.swift; sourceTree = "<group>"; };
		B91CE80D8A1F9DAB5FAC24F1 /* Pods-ObservablesApiExampleUITests.release.xcconfig */ = {isa = PBXFileReference; includeInIndex = 1; lastKnownFileType = text.xcconfig; name = "Pods-ObservablesApiExampleUITests.release.xcconfig"; path = "Pods/Target Support Files/Pods-ObservablesApiExampleUITests/Pods-ObservablesApiExampleUITests.release.xcconfig"; sourceTree = "<group>"; };
		C1E00E4CBFFB14428270B60B /* Pods-ObservablesApiExampleUITests.debug.xcconfig */ = {isa = PBXFileReference; includeInIndex = 1; lastKnownFileType = text.xcconfig; name = "Pods-ObservablesApiExampleUITests.debug.xcconfig"; path = "Pods/Target Support Files/Pods-ObservablesApiExampleUITests/Pods-ObservablesApiExampleUITests.debug.xcconfig"; sourceTree = "<group>"; };
		CF097C8317CC7879340F39D3 /* Pods_ObservablesApiExampleTests.framework */ = {isa = PBXFileReference; explicitFileType = wrapper.framework; includeInIndex = 0; path = Pods_ObservablesApiExampleTests.framework; sourceTree = BUILT_PRODUCTS_DIR; };
		E005178FAB39C980296138F8 /* Pods_ObservablesApiExample.framework */ = {isa = PBXFileReference; explicitFileType = wrapper.framework; includeInIndex = 0; path = Pods_ObservablesApiExample.framework; sourceTree = BUILT_PRODUCTS_DIR; };
		E584176EA7B870B9772F74BF /* Pods-ObservablesApiExample.debug.xcconfig */ = {isa = PBXFileReference; includeInIndex = 1; lastKnownFileType = text.xcconfig; name = "Pods-ObservablesApiExample.debug.xcconfig"; path = "Pods/Target Support Files/Pods-ObservablesApiExample/Pods-ObservablesApiExample.debug.xcconfig"; sourceTree = "<group>"; };
		E933F8437BB270A4DB2BBFE4 /* Pods-ObservablesApiExample.release.xcconfig */ = {isa = PBXFileReference; includeInIndex = 1; lastKnownFileType = text.xcconfig; name = "Pods-ObservablesApiExample.release.xcconfig"; path = "Pods/Target Support Files/Pods-ObservablesApiExample/Pods-ObservablesApiExample.release.xcconfig"; sourceTree = "<group>"; };
/* End PBXFileReference section */

/* Begin PBXFrameworksBuildPhase section */
		B66AB6C71F76846300B26C10 /* Frameworks */ = {
			isa = PBXFrameworksBuildPhase;
			buildActionMask = 2147483647;
			files = (
				5D7805014A88830CC600CFC6 /* Pods_ObservablesApiExample.framework in Frameworks */,
			);
			runOnlyForDeploymentPostprocessing = 0;
		};
		B66AB6DB1F76846300B26C10 /* Frameworks */ = {
			isa = PBXFrameworksBuildPhase;
			buildActionMask = 2147483647;
			files = (
				4404F54B9E3743CADC308243 /* Pods_ObservablesApiExampleTests.framework in Frameworks */,
			);
			runOnlyForDeploymentPostprocessing = 0;
		};
		B66AB6E61F76846300B26C10 /* Frameworks */ = {
			isa = PBXFrameworksBuildPhase;
			buildActionMask = 2147483647;
			files = (
				CA469B4B3F444AE31F751CE9 /* Pods_ObservablesApiExampleUITests.framework in Frameworks */,
			);
			runOnlyForDeploymentPostprocessing = 0;
		};
/* End PBXFrameworksBuildPhase section */

/* Begin PBXGroup section */
		5053BAFABB969272E681B0E1 /* Pods */ = {
			isa = PBXGroup;
			children = (
				E584176EA7B870B9772F74BF /* Pods-ObservablesApiExample.debug.xcconfig */,
				E933F8437BB270A4DB2BBFE4 /* Pods-ObservablesApiExample.release.xcconfig */,
				4E7CF33908C356EB26537210 /* Pods-ObservablesApiExampleTests.debug.xcconfig */,
				98417758C73CD3814E601F16 /* Pods-ObservablesApiExampleTests.release.xcconfig */,
				C1E00E4CBFFB14428270B60B /* Pods-ObservablesApiExampleUITests.debug.xcconfig */,
				B91CE80D8A1F9DAB5FAC24F1 /* Pods-ObservablesApiExampleUITests.release.xcconfig */,
			);
			name = Pods;
			sourceTree = "<group>";
		};
		B649892E1F768FD000B149A6 /* SupportFiles */ = {
			isa = PBXGroup;
			children = (
				B66AB6D11F76846300B26C10 /* Main.storyboard */,
				B66AB6D41F76846300B26C10 /* Assets.xcassets */,
				B66AB6D61F76846300B26C10 /* LaunchScreen.storyboard */,
			);
			path = SupportFiles;
			sourceTree = "<group>";
		};
		B66AB6C11F76846300B26C10 = {
			isa = PBXGroup;
			children = (
				B66AB6CC1F76846300B26C10 /* ObservablesApiExample */,
				B66AB6E11F76846300B26C10 /* ObservablesApiExampleTests */,
				B66AB6EC1F76846300B26C10 /* ObservablesApiExampleUITests */,
				B66AB6CB1F76846300B26C10 /* Products */,
				5053BAFABB969272E681B0E1 /* Pods */,
				DF442405634A985EB46FC613 /* Frameworks */,
			);
			sourceTree = "<group>";
		};
		B66AB6CB1F76846300B26C10 /* Products */ = {
			isa = PBXGroup;
			children = (
				B66AB6CA1F76846300B26C10 /* ObservablesApiExample.app */,
				B66AB6DE1F76846300B26C10 /* ObservablesApiExampleTests.xctest */,
				B66AB6E91F76846300B26C10 /* ObservablesApiExampleUITests.xctest */,
			);
			name = Products;
			sourceTree = "<group>";
		};
		B66AB6CC1F76846300B26C10 /* ObservablesApiExample */ = {
			isa = PBXGroup;
			children = (
				B649892C1F768FC800B149A6 /* ApiRequest.swift */,
				B66AB6CD1F76846300B26C10 /* AppDelegate.swift */,
				B66AB6CF1F76846300B26C10 /* ViewController.swift */,
				B649892F1F76909D00B149A6 /* ApiResponse.swift */,
				B64989311F7690DE00B149A6 /* HttpStatusCode.swift */,
				B64989331F76913D00B149A6 /* UsersRequest.swift */,
				B64989361F7691B100B149A6 /* BaseResource.swift */,
				B649892E1F768FD000B149A6 /* SupportFiles */,
				B66AB6D91F76846300B26C10 /* Info.plist */,
				B64989381F76920800B149A6 /* ClassError.swift */,
				B649893A1F76921D00B149A6 /* ApiError.swift */,
				B64989401F76961500B149A6 /* UsersResponse.swift */,
				B64989421F76966600B149A6 /* UsersResource.swift */,
				B687F2771F76989A00349D2D /* HttpClient.swift */,
				B687F2791F7698CD00349D2D /* ApiClient.swift */,
				B687F27B1F769D2A00349D2D /* UserRemoteDao.swift */,
				B687F27D1F769E2800349D2D /* HttpResponse.swift */,
				B687F27F1F76B20400349D2D /* UserService.swift */,
			);
			path = ObservablesApiExample;
			sourceTree = "<group>";
		};
		B66AB6E11F76846300B26C10 /* ObservablesApiExampleTests */ = {
			isa = PBXGroup;
			children = (
				B66AB6E21F76846300B26C10 /* ObservablesApiExampleTests.swift */,
				B66AB6E41F76846300B26C10 /* Info.plist */,
			);
			path = ObservablesApiExampleTests;
			sourceTree = "<group>";
		};
		B66AB6EC1F76846300B26C10 /* ObservablesApiExampleUITests */ = {
			isa = PBXGroup;
			children = (
				B66AB6ED1F76846300B26C10 /* ObservablesApiExampleUITests.swift */,
				B66AB6EF1F76846300B26C10 /* Info.plist */,
			);
			path = ObservablesApiExampleUITests;
			sourceTree = "<group>";
		};
		DF442405634A985EB46FC613 /* Frameworks */ = {
			isa = PBXGroup;
			children = (
				E005178FAB39C980296138F8 /* Pods_ObservablesApiExample.framework */,
				CF097C8317CC7879340F39D3 /* Pods_ObservablesApiExampleTests.framework */,
				5D0569E2878A6592D216B3F4 /* Pods_ObservablesApiExampleUITests.framework */,
			);
			name = Frameworks;
			sourceTree = "<group>";
		};
/* End PBXGroup section */

/* Begin PBXNativeTarget section */
		B66AB6C91F76846300B26C10 /* ObservablesApiExample */ = {
			isa = PBXNativeTarget;
			buildConfigurationList = B66AB6F21F76846300B26C10 /* Build configuration list for PBXNativeTarget "ObservablesApiExample" */;
			buildPhases = (
				C3C04112E10A6292493F6A0F /* [CP] Check Pods Manifest.lock */,
				B66AB6C61F76846300B26C10 /* Sources */,
				B66AB6C71F76846300B26C10 /* Frameworks */,
				B66AB6C81F76846300B26C10 /* Resources */,
				803CFFA814B4D7876DC883CF /* [CP] Embed Pods Frameworks */,
				1FC6929CECDA441346FA6CD7 /* [CP] Copy Pods Resources */,
			);
			buildRules = (
			);
			dependencies = (
			);
			name = ObservablesApiExample;
			productName = ObservablesApiExample;
			productReference = B66AB6CA1F76846300B26C10 /* ObservablesApiExample.app */;
			productType = "com.apple.product-type.application";
		};
		B66AB6DD1F76846300B26C10 /* ObservablesApiExampleTests */ = {
			isa = PBXNativeTarget;
			buildConfigurationList = B66AB6F51F76846300B26C10 /* Build configuration list for PBXNativeTarget "ObservablesApiExampleTests" */;
			buildPhases = (
				B1F6B7B56AF29A84F332DFC7 /* [CP] Check Pods Manifest.lock */,
				B66AB6DA1F76846300B26C10 /* Sources */,
				B66AB6DB1F76846300B26C10 /* Frameworks */,
				B66AB6DC1F76846300B26C10 /* Resources */,
				7DFB6CA2F6DBE69EDE869D1D /* [CP] Embed Pods Frameworks */,
				FE658CBD56F2642F94135519 /* [CP] Copy Pods Resources */,
			);
			buildRules = (
			);
			dependencies = (
				B66AB6E01F76846300B26C10 /* PBXTargetDependency */,
			);
			name = ObservablesApiExampleTests;
			productName = ObservablesApiExampleTests;
			productReference = B66AB6DE1F76846300B26C10 /* ObservablesApiExampleTests.xctest */;
			productType = "com.apple.product-type.bundle.unit-test";
		};
		B66AB6E81F76846300B26C10 /* ObservablesApiExampleUITests */ = {
			isa = PBXNativeTarget;
			buildConfigurationList = B66AB6F81F76846300B26C10 /* Build configuration list for PBXNativeTarget "ObservablesApiExampleUITests" */;
			buildPhases = (
				F0793F33DC75CE89F7F650C6 /* [CP] Check Pods Manifest.lock */,
				B66AB6E51F76846300B26C10 /* Sources */,
				B66AB6E61F76846300B26C10 /* Frameworks */,
				B66AB6E71F76846300B26C10 /* Resources */,
				9B384C5FFF685832B393CC06 /* [CP] Embed Pods Frameworks */,
				917A87AC3061879F7A8D2E9C /* [CP] Copy Pods Resources */,
			);
			buildRules = (
			);
			dependencies = (
				B66AB6EB1F76846300B26C10 /* PBXTargetDependency */,
			);
			name = ObservablesApiExampleUITests;
			productName = ObservablesApiExampleUITests;
			productReference = B66AB6E91F76846300B26C10 /* ObservablesApiExampleUITests.xctest */;
			productType = "com.apple.product-type.bundle.ui-testing";
		};
/* End PBXNativeTarget section */

/* Begin PBXProject section */
		B66AB6C21F76846300B26C10 /* Project object */ = {
			isa = PBXProject;
			attributes = {
				LastSwiftUpdateCheck = 0830;
				LastUpgradeCheck = 0900;
				ORGANIZATIONNAME = linxmap;
				TargetAttributes = {
					B66AB6C91F76846300B26C10 = {
						CreatedOnToolsVersion = 8.3.3;
						DevelopmentTeam = BDD95TS3QC;
						LastSwiftMigration = 0900;
						ProvisioningStyle = Automatic;
					};
					B66AB6DD1F76846300B26C10 = {
						CreatedOnToolsVersion = 8.3.3;
						DevelopmentTeam = BDD95TS3QC;
						LastSwiftMigration = 0900;
						ProvisioningStyle = Automatic;
						TestTargetID = B66AB6C91F76846300B26C10;
					};
					B66AB6E81F76846300B26C10 = {
						CreatedOnToolsVersion = 8.3.3;
						DevelopmentTeam = BDD95TS3QC;
						LastSwiftMigration = 0900;
						ProvisioningStyle = Automatic;
						TestTargetID = B66AB6C91F76846300B26C10;
					};
				};
			};
			buildConfigurationList = B66AB6C51F76846300B26C10 /* Build configuration list for PBXProject "ObservablesApiExample" */;
			compatibilityVersion = "Xcode 3.2";
			developmentRegion = English;
			hasScannedForEncodings = 0;
			knownRegions = (
				en,
				Base,
			);
			mainGroup = B66AB6C11F76846300B26C10;
			productRefGroup = B66AB6CB1F76846300B26C10 /* Products */;
			projectDirPath = "";
			projectRoot = "";
			targets = (
				B66AB6C91F76846300B26C10 /* ObservablesApiExample */,
				B66AB6DD1F76846300B26C10 /* ObservablesApiExampleTests */,
				B66AB6E81F76846300B26C10 /* ObservablesApiExampleUITests */,
			);
		};
/* End PBXProject section */

/* Begin PBXResourcesBuildPhase section */
		B66AB6C81F76846300B26C10 /* Resources */ = {
			isa = PBXResourcesBuildPhase;
			buildActionMask = 2147483647;
			files = (
				B66AB6D81F76846300B26C10 /* LaunchScreen.storyboard in Resources */,
				B66AB6D51F76846300B26C10 /* Assets.xcassets in Resources */,
				B66AB6D31F76846300B26C10 /* Main.storyboard in Resources */,
			);
			runOnlyForDeploymentPostprocessing = 0;
		};
		B66AB6DC1F76846300B26C10 /* Resources */ = {
			isa = PBXResourcesBuildPhase;
			buildActionMask = 2147483647;
			files = (
			);
			runOnlyForDeploymentPostprocessing = 0;
		};
		B66AB6E71F76846300B26C10 /* Resources */ = {
			isa = PBXResourcesBuildPhase;
			buildActionMask = 2147483647;
			files = (
			);
			runOnlyForDeploymentPostprocessing = 0;
		};
/* End PBXResourcesBuildPhase section */

/* Begin PBXShellScriptBuildPhase section */
		1FC6929CECDA441346FA6CD7 /* [CP] Copy Pods Resources */ = {
			isa = PBXShellScriptBuildPhase;
			buildActionMask = 2147483647;
			files = (
			);
			inputPaths = (
			);
			name = "[CP] Copy Pods Resources";
			outputPaths = (
			);
			runOnlyForDeploymentPostprocessing = 0;
			shellPath = /bin/sh;
			shellScript = "\"${SRCROOT}/Pods/Target Support Files/Pods-ObservablesApiExample/Pods-ObservablesApiExample-resources.sh\"\n";
			showEnvVarsInLog = 0;
		};
		7DFB6CA2F6DBE69EDE869D1D /* [CP] Embed Pods Frameworks */ = {
			isa = PBXShellScriptBuildPhase;
			buildActionMask = 2147483647;
			files = (
			);
			inputPaths = (
			);
			name = "[CP] Embed Pods Frameworks";
			outputPaths = (
			);
			runOnlyForDeploymentPostprocessing = 0;
			shellPath = /bin/sh;
			shellScript = "\"${SRCROOT}/Pods/Target Support Files/Pods-ObservablesApiExampleTests/Pods-ObservablesApiExampleTests-frameworks.sh\"\n";
			showEnvVarsInLog = 0;
		};
		803CFFA814B4D7876DC883CF /* [CP] Embed Pods Frameworks */ = {
			isa = PBXShellScriptBuildPhase;
			buildActionMask = 2147483647;
			files = (
			);
			inputPaths = (
			);
			name = "[CP] Embed Pods Frameworks";
			outputPaths = (
			);
			runOnlyForDeploymentPostprocessing = 0;
			shellPath = /bin/sh;
			shellScript = "\"${SRCROOT}/Pods/Target Support Files/Pods-ObservablesApiExample/Pods-ObservablesApiExample-frameworks.sh\"\n";
			showEnvVarsInLog = 0;
		};
		917A87AC3061879F7A8D2E9C /* [CP] Copy Pods Resources */ = {
			isa = PBXShellScriptBuildPhase;
			buildActionMask = 2147483647;
			files = (
			);
			inputPaths = (
			);
			name = "[CP] Copy Pods Resources";
			outputPaths = (
			);
			runOnlyForDeploymentPostprocessing = 0;
			shellPath = /bin/sh;
			shellScript = "\"${SRCROOT}/Pods/Target Support Files/Pods-ObservablesApiExampleUITests/Pods-ObservablesApiExampleUITests-resources.sh\"\n";
			showEnvVarsInLog = 0;
		};
		9B384C5FFF685832B393CC06 /* [CP] Embed Pods Frameworks */ = {
			isa = PBXShellScriptBuildPhase;
			buildActionMask = 2147483647;
			files = (
			);
			inputPaths = (
			);
			name = "[CP] Embed Pods Frameworks";
			outputPaths = (
			);
			runOnlyForDeploymentPostprocessing = 0;
			shellPath = /bin/sh;
			shellScript = "\"${SRCROOT}/Pods/Target Support Files/Pods-ObservablesApiExampleUITests/Pods-ObservablesApiExampleUITests-frameworks.sh\"\n";
			showEnvVarsInLog = 0;
		};
		B1F6B7B56AF29A84F332DFC7 /* [CP] Check Pods Manifest.lock */ = {
			isa = PBXShellScriptBuildPhase;
			buildActionMask = 2147483647;
			files = (
			);
			inputPaths = (
			);
			name = "[CP] Check Pods Manifest.lock";
			outputPaths = (
			);
			runOnlyForDeploymentPostprocessing = 0;
			shellPath = /bin/sh;
			shellScript = "diff \"${PODS_PODFILE_DIR_PATH}/Podfile.lock\" \"${PODS_ROOT}/Manifest.lock\" > /dev/null\nif [ $? != 0 ] ; then\n    # print error to STDERR\n    echo \"error: The sandbox is not in sync with the Podfile.lock. Run 'pod install' or update your CocoaPods installation.\" >&2\n    exit 1\nfi\n";
			showEnvVarsInLog = 0;
		};
		C3C04112E10A6292493F6A0F /* [CP] Check Pods Manifest.lock */ = {
			isa = PBXShellScriptBuildPhase;
			buildActionMask = 2147483647;
			files = (
			);
			inputPaths = (
			);
			name = "[CP] Check Pods Manifest.lock";
			outputPaths = (
			);
			runOnlyForDeploymentPostprocessing = 0;
			shellPath = /bin/sh;
			shellScript = "diff \"${PODS_PODFILE_DIR_PATH}/Podfile.lock\" \"${PODS_ROOT}/Manifest.lock\" > /dev/null\nif [ $? != 0 ] ; then\n    # print error to STDERR\n    echo \"error: The sandbox is not in sync with the Podfile.lock. Run 'pod install' or update your CocoaPods installation.\" >&2\n    exit 1\nfi\n";
			showEnvVarsInLog = 0;
		};
		F0793F33DC75CE89F7F650C6 /* [CP] Check Pods Manifest.lock */ = {
			isa = PBXShellScriptBuildPhase;
			buildActionMask = 2147483647;
			files = (
			);
			inputPaths = (
			);
			name = "[CP] Check Pods Manifest.lock";
			outputPaths = (
			);
			runOnlyForDeploymentPostprocessing = 0;
			shellPath = /bin/sh;
			shellScript = "diff \"${PODS_PODFILE_DIR_PATH}/Podfile.lock\" \"${PODS_ROOT}/Manifest.lock\" > /dev/null\nif [ $? != 0 ] ; then\n    # print error to STDERR\n    echo \"error: The sandbox is not in sync with the Podfile.lock. Run 'pod install' or update your CocoaPods installation.\" >&2\n    exit 1\nfi\n";
			showEnvVarsInLog = 0;
		};
		FE658CBD56F2642F94135519 /* [CP] Copy Pods Resources */ = {
			isa = PBXShellScriptBuildPhase;
			buildActionMask = 2147483647;
			files = (
			);
			inputPaths = (
			);
			name = "[CP] Copy Pods Resources";
			outputPaths = (
			);
			runOnlyForDeploymentPostprocessing = 0;
			shellPath = /bin/sh;
			shellScript = "\"${SRCROOT}/Pods/Target Support Files/Pods-ObservablesApiExampleTests/Pods-ObservablesApiExampleTests-resources.sh\"\n";
			showEnvVarsInLog = 0;
		};
/* End PBXShellScriptBuildPhase section */

/* Begin PBXSourcesBuildPhase section */
		B66AB6C61F76846300B26C10 /* Sources */ = {
			isa = PBXSourcesBuildPhase;
			buildActionMask = 2147483647;
			files = (
				B687F27E1F769E2800349D2D /* HttpResponse.swift in Sources */,
				B66AB6D01F76846300B26C10 /* ViewController.swift in Sources */,
				B64989411F76961500B149A6 /* UsersResponse.swift in Sources */,
				B649893B1F76921D00B149A6 /* ApiError.swift in Sources */,
				B64989301F76909D00B149A6 /* ApiResponse.swift in Sources */,
				B66AB6CE1F76846300B26C10 /* AppDelegate.swift in Sources */,
				B64989391F76920800B149A6 /* ClassError.swift in Sources */,
				B649892D1F768FC800B149A6 /* ApiRequest.swift in Sources */,
				B64989341F76913D00B149A6 /* UsersRequest.swift in Sources */,
				B687F27A1F7698CD00349D2D /* ApiClient.swift in Sources */,
				B687F27C1F769D2A00349D2D /* UserRemoteDao.swift in Sources */,
				B64989371F7691B100B149A6 /* BaseResource.swift in Sources */,
				B687F2801F76B20400349D2D /* UserService.swift in Sources */,
				B64989321F7690DE00B149A6 /* HttpStatusCode.swift in Sources */,
				B687F2781F76989A00349D2D /* HttpClient.swift in Sources */,
				B64989431F76966600B149A6 /* UsersResource.swift in Sources */,
			);
			runOnlyForDeploymentPostprocessing = 0;
		};
		B66AB6DA1F76846300B26C10 /* Sources */ = {
			isa = PBXSourcesBuildPhase;
			buildActionMask = 2147483647;
			files = (
				B66AB6E31F76846300B26C10 /* ObservablesApiExampleTests.swift in Sources */,
			);
			runOnlyForDeploymentPostprocessing = 0;
		};
		B66AB6E51F76846300B26C10 /* Sources */ = {
			isa = PBXSourcesBuildPhase;
			buildActionMask = 2147483647;
			files = (
				B66AB6EE1F76846300B26C10 /* ObservablesApiExampleUITests.swift in Sources */,
			);
			runOnlyForDeploymentPostprocessing = 0;
		};
/* End PBXSourcesBuildPhase section */

/* Begin PBXTargetDependency section */
		B66AB6E01F76846300B26C10 /* PBXTargetDependency */ = {
			isa = PBXTargetDependency;
			target = B66AB6C91F76846300B26C10 /* ObservablesApiExample */;
			targetProxy = B66AB6DF1F76846300B26C10 /* PBXContainerItemProxy */;
		};
		B66AB6EB1F76846300B26C10 /* PBXTargetDependency */ = {
			isa = PBXTargetDependency;
			target = B66AB6C91F76846300B26C10 /* ObservablesApiExample */;
			targetProxy = B66AB6EA1F76846300B26C10 /* PBXContainerItemProxy */;
		};
/* End PBXTargetDependency section */

/* Begin PBXVariantGroup section */
		B66AB6D11F76846300B26C10 /* Main.storyboard */ = {
			isa = PBXVariantGroup;
			children = (
				B66AB6D21F76846300B26C10 /* Base */,
			);
			name = Main.storyboard;
			sourceTree = "<group>";
		};
		B66AB6D61F76846300B26C10 /* LaunchScreen.storyboard */ = {
			isa = PBXVariantGroup;
			children = (
				B66AB6D71F76846300B26C10 /* Base */,
			);
			name = LaunchScreen.storyboard;
			sourceTree = "<group>";
		};
/* End PBXVariantGroup section */

/* Begin XCBuildConfiguration section */
		B66AB6F01F76846300B26C10 /* Debug */ = {
			isa = XCBuildConfiguration;
			buildSettings = {
				ALWAYS_SEARCH_USER_PATHS = NO;
				CLANG_ANALYZER_NONNULL = YES;
				CLANG_ANALYZER_NUMBER_OBJECT_CONVERSION = YES_AGGRESSIVE;
				CLANG_CXX_LANGUAGE_STANDARD = "gnu++0x";
				CLANG_CXX_LIBRARY = "libc++";
				CLANG_ENABLE_MODULES = YES;
				CLANG_ENABLE_OBJC_ARC = YES;
				CLANG_WARN_BLOCK_CAPTURE_AUTORELEASING = YES;
				CLANG_WARN_BOOL_CONVERSION = YES;
				CLANG_WARN_COMMA = YES;
				CLANG_WARN_CONSTANT_CONVERSION = YES;
				CLANG_WARN_DIRECT_OBJC_ISA_USAGE = YES_ERROR;
				CLANG_WARN_DOCUMENTATION_COMMENTS = YES;
				CLANG_WARN_EMPTY_BODY = YES;
				CLANG_WARN_ENUM_CONVERSION = YES;
				CLANG_WARN_INFINITE_RECURSION = YES;
				CLANG_WARN_INT_CONVERSION = YES;
				CLANG_WARN_NON_LITERAL_NULL_CONVERSION = YES;
				CLANG_WARN_OBJC_LITERAL_CONVERSION = YES;
				CLANG_WARN_OBJC_ROOT_CLASS = YES_ERROR;
				CLANG_WARN_RANGE_LOOP_ANALYSIS = YES;
				CLANG_WARN_STRICT_PROTOTYPES = YES;
				CLANG_WARN_SUSPICIOUS_MOVE = YES;
				CLANG_WARN_UNREACHABLE_CODE = YES;
				CLANG_WARN__DUPLICATE_METHOD_MATCH = YES;
				"CODE_SIGN_IDENTITY[sdk=iphoneos*]" = "iPhone Developer";
				COPY_PHASE_STRIP = NO;
				DEBUG_INFORMATION_FORMAT = dwarf;
				ENABLE_STRICT_OBJC_MSGSEND = YES;
				ENABLE_TESTABILITY = YES;
				GCC_C_LANGUAGE_STANDARD = gnu99;
				GCC_DYNAMIC_NO_PIC = NO;
				GCC_NO_COMMON_BLOCKS = YES;
				GCC_OPTIMIZATION_LEVEL = 0;
				GCC_PREPROCESSOR_DEFINITIONS = (
					"DEBUG=1",
					"$(inherited)",
				);
				GCC_WARN_64_TO_32_BIT_CONVERSION = YES;
				GCC_WARN_ABOUT_RETURN_TYPE = YES_ERROR;
				GCC_WARN_UNDECLARED_SELECTOR = YES;
				GCC_WARN_UNINITIALIZED_AUTOS = YES_AGGRESSIVE;
				GCC_WARN_UNUSED_FUNCTION = YES;
				GCC_WARN_UNUSED_VARIABLE = YES;
				IPHONEOS_DEPLOYMENT_TARGET = 10.3;
				MTL_ENABLE_DEBUG_INFO = YES;
				ONLY_ACTIVE_ARCH = YES;
				SDKROOT = iphoneos;
				SWIFT_ACTIVE_COMPILATION_CONDITIONS = DEBUG;
				SWIFT_OPTIMIZATION_LEVEL = "-Onone";
				TARGETED_DEVICE_FAMILY = "1,2";
			};
			name = Debug;
		};
		B66AB6F11F76846300B26C10 /* Release */ = {
			isa = XCBuildConfiguration;
			buildSettings = {
				ALWAYS_SEARCH_USER_PATHS = NO;
				CLANG_ANALYZER_NONNULL = YES;
				CLANG_ANALYZER_NUMBER_OBJECT_CONVERSION = YES_AGGRESSIVE;
				CLANG_CXX_LANGUAGE_STANDARD = "gnu++0x";
				CLANG_CXX_LIBRARY = "libc++";
				CLANG_ENABLE_MODULES = YES;
				CLANG_ENABLE_OBJC_ARC = YES;
				CLANG_WARN_BLOCK_CAPTURE_AUTORELEASING = YES;
				CLANG_WARN_BOOL_CONVERSION = YES;
				CLANG_WARN_COMMA = YES;
				CLANG_WARN_CONSTANT_CONVERSION = YES;
				CLANG_WARN_DIRECT_OBJC_ISA_USAGE = YES_ERROR;
				CLANG_WARN_DOCUMENTATION_COMMENTS = YES;
				CLANG_WARN_EMPTY_BODY = YES;
				CLANG_WARN_ENUM_CONVERSION = YES;
				CLANG_WARN_INFINITE_RECURSION = YES;
				CLANG_WARN_INT_CONVERSION = YES;
				CLANG_WARN_NON_LITERAL_NULL_CONVERSION = YES;
				CLANG_WARN_OBJC_LITERAL_CONVERSION = YES;
				CLANG_WARN_OBJC_ROOT_CLASS = YES_ERROR;
				CLANG_WARN_RANGE_LOOP_ANALYSIS = YES;
				CLANG_WARN_STRICT_PROTOTYPES = YES;
				CLANG_WARN_SUSPICIOUS_MOVE = YES;
				CLANG_WARN_UNREACHABLE_CODE = YES;
				CLANG_WARN__DUPLICATE_METHOD_MATCH = YES;
				"CODE_SIGN_IDENTITY[sdk=iphoneos*]" = "iPhone Developer";
				COPY_PHASE_STRIP = NO;
				DEBUG_INFORMATION_FORMAT = "dwarf-with-dsym";
				ENABLE_NS_ASSERTIONS = NO;
				ENABLE_STRICT_OBJC_MSGSEND = YES;
				GCC_C_LANGUAGE_STANDARD = gnu99;
				GCC_NO_COMMON_BLOCKS = YES;
				GCC_WARN_64_TO_32_BIT_CONVERSION = YES;
				GCC_WARN_ABOUT_RETURN_TYPE = YES_ERROR;
				GCC_WARN_UNDECLARED_SELECTOR = YES;
				GCC_WARN_UNINITIALIZED_AUTOS = YES_AGGRESSIVE;
				GCC_WARN_UNUSED_FUNCTION = YES;
				GCC_WARN_UNUSED_VARIABLE = YES;
				IPHONEOS_DEPLOYMENT_TARGET = 10.3;
				MTL_ENABLE_DEBUG_INFO = NO;
				SDKROOT = iphoneos;
				SWIFT_OPTIMIZATION_LEVEL = "-Owholemodule";
				TARGETED_DEVICE_FAMILY = "1,2";
				VALIDATE_PRODUCT = YES;
			};
			name = Release;
		};
		B66AB6F31F76846300B26C10 /* Debug */ = {
			isa = XCBuildConfiguration;
			baseConfigurationReference = E584176EA7B870B9772F74BF /* Pods-ObservablesApiExample.debug.xcconfig */;
			buildSettings = {
				ASSETCATALOG_COMPILER_APPICON_NAME = AppIcon;
				DEVELOPMENT_TEAM = BDD95TS3QC;
				INFOPLIST_FILE = ObservablesApiExample/Info.plist;
				LD_RUNPATH_SEARCH_PATHS = "$(inherited) @executable_path/Frameworks";
				PRODUCT_BUNDLE_IDENTIFIER = com.linxmap.ios.ObservablesApiExample;
				PRODUCT_NAME = "$(TARGET_NAME)";
				SWIFT_SWIFT3_OBJC_INFERENCE = Default;
				SWIFT_VERSION = 4.0;
			};
			name = Debug;
		};
		B66AB6F41F76846300B26C10 /* Release */ = {
			isa = XCBuildConfiguration;
			baseConfigurationReference = E933F8437BB270A4DB2BBFE4 /* Pods-ObservablesApiExample.release.xcconfig */;
			buildSettings = {
				ASSETCATALOG_COMPILER_APPICON_NAME = AppIcon;
				DEVELOPMENT_TEAM = BDD95TS3QC;
				INFOPLIST_FILE = ObservablesApiExample/Info.plist;
				LD_RUNPATH_SEARCH_PATHS = "$(inherited) @executable_path/Frameworks";
				PRODUCT_BUNDLE_IDENTIFIER = com.linxmap.ios.ObservablesApiExample;
				PRODUCT_NAME = "$(TARGET_NAME)";
				SWIFT_SWIFT3_OBJC_INFERENCE = Default;
				SWIFT_VERSION = 4.0;
			};
			name = Release;
		};
		B66AB6F61F76846300B26C10 /* Debug */ = {
			isa = XCBuildConfiguration;
			baseConfigurationReference = 4E7CF33908C356EB26537210 /* Pods-ObservablesApiExampleTests.debug.xcconfig */;
			buildSettings = {
				ALWAYS_EMBED_SWIFT_STANDARD_LIBRARIES = YES;
				BUNDLE_LOADER = "$(TEST_HOST)";
				DEVELOPMENT_TEAM = BDD95TS3QC;
				INFOPLIST_FILE = ObservablesApiExampleTests/Info.plist;
				LD_RUNPATH_SEARCH_PATHS = "$(inherited) @executable_path/Frameworks @loader_path/Frameworks";
				PRODUCT_BUNDLE_IDENTIFIER = com.linxmap.ios.ObservablesApiExampleTests;
				PRODUCT_NAME = "$(TARGET_NAME)";
				SWIFT_SWIFT3_OBJC_INFERENCE = On;
				SWIFT_VERSION = 4.0;
				TEST_HOST = "$(BUILT_PRODUCTS_DIR)/ObservablesApiExample.app/ObservablesApiExample";
			};
			name = Debug;
		};
		B66AB6F71F76846300B26C10 /* Release */ = {
			isa = XCBuildConfiguration;
			baseConfigurationReference = 98417758C73CD3814E601F16 /* Pods-ObservablesApiExampleTests.release.xcconfig */;
			buildSettings = {
				ALWAYS_EMBED_SWIFT_STANDARD_LIBRARIES = YES;
				BUNDLE_LOADER = "$(TEST_HOST)";
				DEVELOPMENT_TEAM = BDD95TS3QC;
				INFOPLIST_FILE = ObservablesApiExampleTests/Info.plist;
				LD_RUNPATH_SEARCH_PATHS = "$(inherited) @executable_path/Frameworks @loader_path/Frameworks";
				PRODUCT_BUNDLE_IDENTIFIER = com.linxmap.ios.ObservablesApiExampleTests;
				PRODUCT_NAME = "$(TARGET_NAME)";
				SWIFT_SWIFT3_OBJC_INFERENCE = On;
				SWIFT_VERSION = 4.0;
				TEST_HOST = "$(BUILT_PRODUCTS_DIR)/ObservablesApiExample.app/ObservablesApiExample";
			};
			name = Release;
		};
		B66AB6F91F76846300B26C10 /* Debug */ = {
			isa = XCBuildConfiguration;
			baseConfigurationReference = C1E00E4CBFFB14428270B60B /* Pods-ObservablesApiExampleUITests.debug.xcconfig */;
			buildSettings = {
				ALWAYS_EMBED_SWIFT_STANDARD_LIBRARIES = YES;
				DEVELOPMENT_TEAM = BDD95TS3QC;
				INFOPLIST_FILE = ObservablesApiExampleUITests/Info.plist;
				LD_RUNPATH_SEARCH_PATHS = "$(inherited) @executable_path/Frameworks @loader_path/Frameworks";
				PRODUCT_BUNDLE_IDENTIFIER = com.linxmap.ios.ObservablesApiExampleUITests;
				PRODUCT_NAME = "$(TARGET_NAME)";
				SWIFT_SWIFT3_OBJC_INFERENCE = On;
				SWIFT_VERSION = 4.0;
				TEST_TARGET_NAME = ObservablesApiExample;
			};
			name = Debug;
		};
		B66AB6FA1F76846300B26C10 /* Release */ = {
			isa = XCBuildConfiguration;
			baseConfigurationReference = B91CE80D8A1F9DAB5FAC24F1 /* Pods-ObservablesApiExampleUITests.release.xcconfig */;
			buildSettings = {
				ALWAYS_EMBED_SWIFT_STANDARD_LIBRARIES = YES;
				DEVELOPMENT_TEAM = BDD95TS3QC;
				INFOPLIST_FILE = ObservablesApiExampleUITests/Info.plist;
				LD_RUNPATH_SEARCH_PATHS = "$(inherited) @executable_path/Frameworks @loader_path/Frameworks";
				PRODUCT_BUNDLE_IDENTIFIER = com.linxmap.ios.ObservablesApiExampleUITests;
				PRODUCT_NAME = "$(TARGET_NAME)";
				SWIFT_SWIFT3_OBJC_INFERENCE = On;
				SWIFT_VERSION = 4.0;
				TEST_TARGET_NAME = ObservablesApiExample;
			};
			name = Release;
		};
/* End XCBuildConfiguration section */

/* Begin XCConfigurationList section */
		B66AB6C51F76846300B26C10 /* Build configuration list for PBXProject "ObservablesApiExample" */ = {
			isa = XCConfigurationList;
			buildConfigurations = (
				B66AB6F01F76846300B26C10 /* Debug */,
				B66AB6F11F76846300B26C10 /* Release */,
			);
			defaultConfigurationIsVisible = 0;
			defaultConfigurationName = Release;
		};
		B66AB6F21F76846300B26C10 /* Build configuration list for PBXNativeTarget "ObservablesApiExample" */ = {
			isa = XCConfigurationList;
			buildConfigurations = (
				B66AB6F31F76846300B26C10 /* Debug */,
				B66AB6F41F76846300B26C10 /* Release */,
			);
			defaultConfigurationIsVisible = 0;
			defaultConfigurationName = Release;
		};
		B66AB6F51F76846300B26C10 /* Build configuration list for PBXNativeTarget "ObservablesApiExampleTests" */ = {
			isa = XCConfigurationList;
			buildConfigurations = (
				B66AB6F61F76846300B26C10 /* Debug */,
				B66AB6F71F76846300B26C10 /* Release */,
			);
			defaultConfigurationIsVisible = 0;
			defaultConfigurationName = Release;
		};
		B66AB6F81F76846300B26C10 /* Build configuration list for PBXNativeTarget "ObservablesApiExampleUITests" */ = {
			isa = XCConfigurationList;
			buildConfigurations = (
				B66AB6F91F76846300B26C10 /* Debug */,
				B66AB6FA1F76846300B26C10 /* Release */,
			);
			defaultConfigurationIsVisible = 0;
			defaultConfigurationName = Release;
		};
/* End XCConfigurationList section */
	};
	rootObject = B66AB6C21F76846300B26C10 /* Project object */;
}
